# THIS IS AN AUTOGENERATED FILE. DO NOT EDIT THIS FILE DIRECTLY.
# yarn lockfile v1


"@azure/abort-controller@^1.0.0":
  version "1.1.0"
  dependencies:
    tslib "^2.2.0"

"@azure/core-auth@^1.3.0", "@azure/core-auth@^1.4.0":
  version "1.4.0"
  dependencies:
    "@azure/abort-controller" "^1.0.0"
    tslib "^2.2.0"

"@azure/core-rest-pipeline@^1.2.0":
  version "1.11.0"
  dependencies:
    "@azure/abort-controller" "^1.0.0"
    "@azure/core-auth" "^1.4.0"
    "@azure/core-tracing" "^1.0.1"
    "@azure/core-util" "^1.3.0"
    "@azure/logger" "^1.0.0"
    form-data "^4.0.0"
    http-proxy-agent "^5.0.0"
    https-proxy-agent "^5.0.0"
    tslib "^2.2.0"

"@azure/core-tracing@^1.0.0", "@azure/core-tracing@^1.0.1":
  version "1.0.1"
  dependencies:
    tslib "^2.2.0"

"@azure/core-util@^1.3.0":
  version "1.3.2"
  dependencies:
    "@azure/abort-controller" "^1.0.0"
    tslib "^2.2.0"

"@azure/cosmos@^3.17.2":
  version "3.17.3"
  dependencies:
    "@azure/abort-controller" "^1.0.0"
    "@azure/core-auth" "^1.3.0"
    "@azure/core-rest-pipeline" "^1.2.0"
    "@azure/core-tracing" "^1.0.0"
    debug "^4.1.1"
    fast-json-stable-stringify "^2.1.0"
    jsbi "^3.1.3"
    node-abort-controller "^3.0.0"
    priorityqueuejs "^1.0.0"
    semaphore "^1.0.5"
    tslib "^2.2.0"
    universal-user-agent "^6.0.0"
    uuid "^8.3.0"

"@azure/logger@^1.0.0":
  version "1.0.4"
  dependencies:
    tslib "^2.2.0"

"@oozcitak/dom@1.15.10":
  version "1.15.10"
  dependencies:
    "@oozcitak/infra" "1.0.8"
    "@oozcitak/url" "1.0.4"
    "@oozcitak/util" "8.3.8"

"@oozcitak/infra@1.0.8":
  version "1.0.8"
  dependencies:
    "@oozcitak/util" "8.3.8"

"@oozcitak/url@1.0.4":
  version "1.0.4"
  dependencies:
    "@oozcitak/infra" "1.0.8"
    "@oozcitak/util" "8.3.8"

"@oozcitak/util@8.3.8":
  version "8.3.8"

"@tootallnate/once@2":
  version "2.0.0"

"@types/body-parser@*":
  version "1.19.2"
  dependencies:
    "@types/connect" "*"
    "@types/node" "*"

"@types/connect@*":
  version "3.4.35"
  dependencies:
    "@types/node" "*"

"@types/cors@^2.8.13":
  version "2.8.13"
  dependencies:
    "@types/node" "*"

"@types/d3-delaunay@^6.0.1":
  version "6.0.1"

"@types/dompurify@^3.0.2":
  version "3.0.2"
  dependencies:
    "@types/trusted-types" "*"

"@types/express-serve-static-core@^4.17.33":
  version "4.17.35"
  dependencies:
    "@types/node" "*"
    "@types/qs" "*"
    "@types/range-parser" "*"
    "@types/send" "*"

"@types/express-session@^1.17.7":
  version "1.17.7"
  dependencies:
    "@types/express" "*"

"@types/express@*", "@types/express@^4.17.14", "@types/express@^4.17.15":
  version "4.17.17"
  dependencies:
    "@types/body-parser" "*"
    "@types/express-serve-static-core" "^4.17.33"
    "@types/qs" "*"
    "@types/serve-static" "*"

"@types/geojson@^7946.0.10":
  version "7946.0.10"

"@types/http-errors@*":
  version "2.0.1"

"@types/jsdom@^21.1.1":
  version "21.1.1"
  dependencies:
    "@types/node" "*"
    "@types/tough-cookie" "*"
    parse5 "^7.0.0"

"@types/jsonwebtoken@^9", "@types/jsonwebtoken@^9.0.0":
  version "9.0.2"
  dependencies:
    "@types/node" "*"

"@types/mime@*":
  version "3.0.1"

"@types/mime@^1":
  version "1.3.2"

"@types/node@*":
  version "20.4.3"

"@types/node@^18.11.15":
  version "18.16.20"

"@types/qs@*":
  version "6.9.7"

"@types/range-parser@*":
  version "1.2.4"

"@types/send@*":
  version "0.17.1"
  dependencies:
    "@types/mime" "^1"
    "@types/node" "*"

"@types/serve-static@*":
  version "1.15.2"
  dependencies:
    "@types/http-errors" "*"
    "@types/mime" "*"
    "@types/node" "*"

"@types/spdx-expression-parse@^3.0.2":
  version "3.0.2"

"@types/tough-cookie@*":
  version "4.0.2"

"@types/trusted-types@*":
  version "2.0.3"

"@types/webidl-conversions@*":
  version "7.0.0"

"@types/whatwg-url@^8.2.1":
  version "8.2.2"
  dependencies:
    "@types/node" "*"
    "@types/webidl-conversions" "*"

"@wwtelescope/astro@^0.2.2":
  version "0.2.3"

abab@^2.0.6:
  version "2.0.6"

accepts@~1.3.8:
  version "1.3.8"
  dependencies:
    mime-types "~2.1.34"
    negotiator "0.6.3"

agent-base@6:
  version "6.0.2"
  dependencies:
    debug "4"

argparse@^1.0.7:
  version "1.0.10"
  dependencies:
    sprintf-js "~1.0.2"

array-flatten@1.1.1:
  version "1.1.1"

asn1.js@^5.4.1:
  version "5.4.1"
  dependencies:
    bn.js "^4.0.0"
    inherits "^2.0.1"
    minimalistic-assert "^1.0.0"
    safer-buffer "^2.1.0"

asynckit@^0.4.0:
  version "0.4.0"

axios@^1.4.0:
  version "1.4.0"
  dependencies:
    follow-redirects "^1.15.0"
    form-data "^4.0.0"
    proxy-from-env "^1.1.0"

bn.js@^4.0.0:
  version "4.12.0"

body-parser@^1.20.1:
  version "1.20.2"
  dependencies:
    bytes "3.1.2"
    content-type "~1.0.5"
    debug "2.6.9"
    depd "2.0.0"
    destroy "1.2.0"
    http-errors "2.0.0"
    iconv-lite "0.4.24"
    on-finished "2.4.1"
    qs "6.11.0"
    raw-body "2.5.2"
    type-is "~1.6.18"
    unpipe "1.0.0"

body-parser@1.20.1:
  version "1.20.1"
  dependencies:
    bytes "3.1.2"
    content-type "~1.0.4"
    debug "2.6.9"
    depd "2.0.0"
    destroy "1.2.0"
    http-errors "2.0.0"
    iconv-lite "0.4.24"
    on-finished "2.4.1"
    qs "6.11.0"
    raw-body "2.5.1"
    type-is "~1.6.18"
    unpipe "1.0.0"

bson@^5.4.0:
  version "5.4.0"

buffer-equal-constant-time@1.0.1:
  version "1.0.1"

bytes@3.1.2:
  version "3.1.2"

call-bind@^1.0.0:
  version "1.0.2"
  dependencies:
    function-bind "^1.1.1"
    get-intrinsic "^1.0.2"

combined-stream@^1.0.8:
  version "1.0.8"
  dependencies:
    delayed-stream "~1.0.0"

connect-mongo@^5.0.0:
  version "5.0.0"
  dependencies:
    debug "^4.3.1"
    kruptein "^3.0.0"

content-disposition@0.5.4:
  version "0.5.4"
  dependencies:
    safe-buffer "5.2.1"

content-type@~1.0.4, content-type@~1.0.5:
  version "1.0.5"

cookie-signature@1.0.6:
  version "1.0.6"

cookie@0.4.2:
  version "0.4.2"

cookie@0.5.0:
  version "0.5.0"

cors@^2.8.5:
  version "2.8.5"
  dependencies:
    object-assign "^4"
    vary "^1"

cssstyle@^3.0.0:
  version "3.0.0"
  dependencies:
    rrweb-cssom "^0.6.0"

"d3-array@2 - 3", "d3-array@2.10.0 - 3", "d3-array@2.5.0 - 3", d3-array@3:
  version "3.2.4"
  dependencies:
    internmap "1 - 2"

"d3-color@1 - 3":
  version "3.1.0"

d3-delaunay@^6.0.4, d3-delaunay@6:
  version "6.0.4"
  dependencies:
    delaunator "5"

"d3-format@1 - 3":
  version "3.1.0"

d3-geo-voronoi@^2.0.1:
  version "2.0.1"
  dependencies:
    d3-array "3"
    d3-delaunay "6"
    d3-geo "3"
    d3-tricontour "1"

d3-geo@3:
  version "3.1.0"
  dependencies:
    d3-array "2.5.0 - 3"

"d3-interpolate@1.2.0 - 3":
  version "3.0.1"
  dependencies:
    d3-color "1 - 3"

d3-scale@4:
  version "4.0.2"
  dependencies:
    d3-array "2.10.0 - 3"
    d3-format "1 - 3"
    d3-interpolate "1.2.0 - 3"
    d3-time "2.1.1 - 3"
    d3-time-format "2 - 4"

"d3-time-format@2 - 4":
  version "4.1.0"
  dependencies:
    d3-time "1 - 3"

"d3-time@1 - 3", "d3-time@2.1.1 - 3":
  version "3.1.0"
  dependencies:
    d3-array "2 - 3"

d3-tricontour@1:
  version "1.0.2"
  dependencies:
    d3-delaunay "6"
    d3-scale "4"

data-urls@^4.0.0:
  version "4.0.0"
  dependencies:
    abab "^2.0.6"
    whatwg-mimetype "^3.0.0"
    whatwg-url "^12.0.0"

debug@^4.1.1, debug@^4.3.1, debug@^4.3.4, debug@4:
  version "4.3.4"
  dependencies:
    ms "2.1.2"

debug@2.6.9:
  version "2.6.9"
  dependencies:
    ms "2.0.0"

decimal.js@^10.4.3:
  version "10.4.3"

delaunator@5:
  version "5.0.0"
  dependencies:
    robust-predicates "^3.0.0"

delayed-stream@~1.0.0:
  version "1.0.0"

depd@~2.0.0, depd@2.0.0:
  version "2.0.0"

destroy@1.2.0:
  version "1.2.0"

domexception@^4.0.0:
  version "4.0.0"
  dependencies:
    webidl-conversions "^7.0.0"

dompurify@^3.0.3:
  version "3.0.5"

dotenv@^16.0.3:
  version "16.3.1"

ecdsa-sig-formatter@1.0.11:
  version "1.0.11"
  dependencies:
    safe-buffer "^5.0.1"

ee-first@1.1.1:
  version "1.1.1"

encodeurl@~1.0.2:
  version "1.0.2"

entities@^4.4.0:
  version "4.5.0"

escape-html@~1.0.3:
  version "1.0.3"

esprima@^4.0.0:
  version "4.0.1"

etag@~1.8.1:
  version "1.8.1"

express-jwt@^8.4:
  version "8.4.1"
  dependencies:
    "@types/jsonwebtoken" "^9"
    express-unless "^2.1.3"
    jsonwebtoken "^9.0.0"

express-session@^1.17.1, express-session@^1.17.3:
  version "1.17.3"
  dependencies:
    cookie "0.4.2"
    cookie-signature "1.0.6"
    debug "2.6.9"
    depd "~2.0.0"
    on-headers "~1.0.2"
    parseurl "~1.3.3"
    safe-buffer "5.2.1"
    uid-safe "~2.1.5"

express-unless@^2.1.3:
  version "2.1.3"

express@^4.18.2:
  version "4.18.2"
  dependencies:
    accepts "~1.3.8"
    array-flatten "1.1.1"
    body-parser "1.20.1"
    content-disposition "0.5.4"
    content-type "~1.0.4"
    cookie "0.5.0"
    cookie-signature "1.0.6"
    debug "2.6.9"
    depd "2.0.0"
    encodeurl "~1.0.2"
    escape-html "~1.0.3"
    etag "~1.8.1"
    finalhandler "1.2.0"
    fresh "0.5.2"
    http-errors "2.0.0"
    merge-descriptors "1.0.1"
    methods "~1.1.2"
    on-finished "2.4.1"
    parseurl "~1.3.3"
    path-to-regexp "0.1.7"
    proxy-addr "~2.0.7"
    qs "6.11.0"
    range-parser "~1.2.1"
    safe-buffer "5.2.1"
    send "0.18.0"
    serve-static "1.15.0"
    setprototypeof "1.2.0"
    statuses "2.0.1"
    type-is "~1.6.18"
    utils-merge "1.0.1"
    vary "~1.1.2"

fast-json-stable-stringify@^2.1.0:
  version "2.1.0"

finalhandler@1.2.0:
  version "1.2.0"
  dependencies:
    debug "2.6.9"
    encodeurl "~1.0.2"
    escape-html "~1.0.3"
    on-finished "2.4.1"
    parseurl "~1.3.3"
    statuses "2.0.1"
    unpipe "~1.0.0"

follow-redirects@^1.15.0:
  version "1.15.2"

form-data@^4.0.0:
  version "4.0.0"
  dependencies:
    asynckit "^0.4.0"
    combined-stream "^1.0.8"
    mime-types "^2.1.12"

forwarded@0.2.0:
  version "0.2.0"

fp-ts@^2.0.0, fp-ts@^2.13, fp-ts@^2.5.0:
  version "2.16.0"

fresh@0.5.2:
  version "0.5.2"

function-bind@^1.1.1:
  version "1.1.1"

geojson@^0.5.0:
  version "0.5.0"

get-intrinsic@^1.0.2:
  version "1.2.1"
  dependencies:
    function-bind "^1.1.1"
    has "^1.0.3"
    has-proto "^1.0.1"
    has-symbols "^1.0.3"

has-proto@^1.0.1:
  version "1.0.1"

has-symbols@^1.0.3:
  version "1.0.3"

has@^1.0.3:
  version "1.0.3"
  dependencies:
    function-bind "^1.1.1"

html-encoding-sniffer@^3.0.0:
  version "3.0.0"
  dependencies:
    whatwg-encoding "^2.0.0"

http-errors@2.0.0:
  version "2.0.0"
  dependencies:
    depd "2.0.0"
    inherits "2.0.4"
    setprototypeof "1.2.0"
    statuses "2.0.1"
    toidentifier "1.0.1"

http-proxy-agent@^5.0.0:
  version "5.0.0"
  dependencies:
    "@tootallnate/once" "2"
    agent-base "6"
    debug "4"

https-proxy-agent@^5.0.0, https-proxy-agent@^5.0.1:
  version "5.0.1"
  dependencies:
    agent-base "6"
    debug "4"

iconv-lite@0.4.24:
  version "0.4.24"
  dependencies:
    safer-buffer ">= 2.1.2 < 3"

iconv-lite@0.6.3:
  version "0.6.3"
  dependencies:
    safer-buffer ">= 2.1.2 < 3.0.0"

inherits@^2.0.1, inherits@2.0.4:
  version "2.0.4"

"internmap@1 - 2":
  version "2.0.3"

io-ts-types@^0.5.19:
  version "0.5.19"

io-ts@^2.0.0, io-ts@^2.2:
  version "2.2.20"

ip@^2.0.0:
  version "2.0.0"

ipaddr.js@1.9.1:
  version "1.9.1"

is-potential-custom-element-name@^1.0.1:
  version "1.0.1"

jose@^4.10.4:
  version "4.14.4"

js-yaml@3.14.1:
  version "3.14.1"
  dependencies:
    argparse "^1.0.7"
    esprima "^4.0.0"

jsbi@^3.1.3:
  version "3.2.5"

jsdom@^22.0.0:
  version "22.1.0"
  dependencies:
    abab "^2.0.6"
    cssstyle "^3.0.0"
    data-urls "^4.0.0"
    decimal.js "^10.4.3"
    domexception "^4.0.0"
    form-data "^4.0.0"
    html-encoding-sniffer "^3.0.0"
    http-proxy-agent "^5.0.0"
    https-proxy-agent "^5.0.1"
    is-potential-custom-element-name "^1.0.1"
    nwsapi "^2.2.4"
    parse5 "^7.1.2"
    rrweb-cssom "^0.6.0"
    saxes "^6.0.0"
    symbol-tree "^3.2.4"
    tough-cookie "^4.1.2"
    w3c-xmlserializer "^4.0.0"
    webidl-conversions "^7.0.0"
    whatwg-encoding "^2.0.0"
    whatwg-mimetype "^3.0.0"
    whatwg-url "^12.0.1"
    ws "^8.13.0"
    xml-name-validator "^4.0.0"

jsonwebtoken@^9.0.0:
  version "9.0.1"
  dependencies:
    jws "^3.2.2"
    lodash "^4.17.21"
    ms "^2.1.1"
    semver "^7.3.8"

jwa@^1.4.1:
  version "1.4.1"
  dependencies:
    buffer-equal-constant-time "1.0.1"
    ecdsa-sig-formatter "1.0.11"
    safe-buffer "^5.0.1"

jwks-rsa@^3.0:
  version "3.0.1"
  dependencies:
    "@types/express" "^4.17.14"
    "@types/jsonwebtoken" "^9.0.0"
    debug "^4.3.4"
    jose "^4.10.4"
    limiter "^1.1.5"
    lru-memoizer "^2.1.4"

jws@^3.2.2:
  version "3.2.2"
  dependencies:
    jwa "^1.4.1"
    safe-buffer "^5.0.1"

kruptein@^3.0.0:
  version "3.0.6"
  dependencies:
    asn1.js "^5.4.1"

limiter@^1.1.5:
  version "1.1.5"

lodash.clonedeep@^4.5.0:
  version "4.5.0"

lodash@^4.17.21:
  version "4.17.21"

lru-cache@^6.0.0:
  version "6.0.0"
  dependencies:
    yallist "^4.0.0"

lru-cache@~4.0.0:
  version "4.0.2"
  dependencies:
    pseudomap "^1.0.1"
    yallist "^2.0.0"

lru-memoizer@^2.1.4:
  version "2.2.0"
  dependencies:
    lodash.clonedeep "^4.5.0"
    lru-cache "~4.0.0"

media-typer@0.3.0:
  version "0.3.0"

memory-pager@^1.0.2:
  version "1.5.0"

merge-descriptors@1.0.1:
  version "1.0.1"

methods@~1.1.2:
  version "1.1.2"

mime-db@1.52.0:
  version "1.52.0"

mime-types@^2.1.12, mime-types@~2.1.24, mime-types@~2.1.34:
  version "2.1.35"
  dependencies:
    mime-db "1.52.0"

mime@1.6.0:
  version "1.6.0"

minimalistic-assert@^1.0.0:
  version "1.0.1"

mongodb-connection-string-url@^2.6.0:
  version "2.6.0"
  dependencies:
    "@types/whatwg-url" "^8.2.1"
    whatwg-url "^11.0.0"

mongodb@^5.0.1, mongodb@^5.1.0:
  version "5.7.0"
  dependencies:
    bson "^5.4.0"
    mongodb-connection-string-url "^2.6.0"
    socks "^2.7.1"
  optionalDependencies:
    saslprep "^1.0.3"

monocle-ts@^2.0.0, monocle-ts@^2.3.13:
  version "2.3.13"

ms@^2.1.1, ms@2.1.3:
  version "2.1.3"

ms@2.0.0:
  version "2.0.0"

ms@2.1.2:
  version "2.1.2"

negotiator@0.6.3:
  version "0.6.3"

newtype-ts@^0.3.2, newtype-ts@^0.3.5:
  version "0.3.5"

node-abort-controller@^3.0.0:
  version "3.1.1"

nwsapi@^2.2.4:
  version "2.2.7"

object-assign@^4:
  version "4.1.1"

object-inspect@^1.9.0:
  version "1.12.3"

on-finished@2.4.1:
  version "2.4.1"
  dependencies:
    ee-first "1.1.1"

on-headers@~1.0.2:
  version "1.0.2"

parse5@^7.0.0, parse5@^7.1.2:
  version "7.1.2"
  dependencies:
    entities "^4.4.0"

parseurl@~1.3.3:
  version "1.3.3"

path-to-regexp@0.1.7:
  version "0.1.7"

priorityqueuejs@^1.0.0:
  version "1.0.0"

proxy-addr@~2.0.7:
  version "2.0.7"
  dependencies:
    forwarded "0.2.0"
    ipaddr.js "1.9.1"

proxy-from-env@^1.1.0:
  version "1.1.0"

pseudomap@^1.0.1:
  version "1.0.2"

psl@^1.1.33:
  version "1.9.0"

punycode@^2.1.1, punycode@^2.3.0:
  version "2.3.0"

qs@6.11.0:
  version "6.11.0"
  dependencies:
    side-channel "^1.0.4"

querystringify@^2.1.1:
  version "2.2.0"

random-bytes@~1.0.0:
  version "1.0.0"

range-parser@~1.2.1:
  version "1.2.1"

raw-body@2.5.1:
  version "2.5.1"
  dependencies:
    bytes "3.1.2"
    http-errors "2.0.0"
    iconv-lite "0.4.24"
    unpipe "1.0.0"

raw-body@2.5.2:
  version "2.5.2"
  dependencies:
    bytes "3.1.2"
    http-errors "2.0.0"
    iconv-lite "0.4.24"
    unpipe "1.0.0"

requires-port@^1.0.0:
  version "1.0.0"

robust-predicates@^3.0.0:
  version "3.0.2"

rrweb-cssom@^0.6.0:
  version "0.6.0"

safe-buffer@^5.0.1, safe-buffer@5.2.1:
  version "5.2.1"

safer-buffer@^2.1.0, "safer-buffer@>= 2.1.2 < 3", "safer-buffer@>= 2.1.2 < 3.0.0":
  version "2.1.2"

saslprep@^1.0.3:
  version "1.0.3"
  dependencies:
    sparse-bitfield "^3.0.3"

saxes@^6.0.0:
  version "6.0.0"
  dependencies:
    xmlchars "^2.2.0"

semaphore@^1.0.5:
  version "1.1.0"

semver@^7.3.8:
  version "7.5.4"
  dependencies:
    lru-cache "^6.0.0"

send@0.18.0:
  version "0.18.0"
  dependencies:
    debug "2.6.9"
    depd "2.0.0"
    destroy "1.2.0"
    encodeurl "~1.0.2"
    escape-html "~1.0.3"
    etag "~1.8.1"
    fresh "0.5.2"
    http-errors "2.0.0"
    mime "1.6.0"
    ms "2.1.3"
    on-finished "2.4.1"
    range-parser "~1.2.1"
    statuses "2.0.1"

serve-static@1.15.0:
  version "1.15.0"
  dependencies:
    encodeurl "~1.0.2"
    escape-html "~1.0.3"
    parseurl "~1.3.3"
    send "0.18.0"

setprototypeof@1.2.0:
  version "1.2.0"

side-channel@^1.0.4:
  version "1.0.4"
  dependencies:
    call-bind "^1.0.0"
    get-intrinsic "^1.0.2"
    object-inspect "^1.9.0"

smart-buffer@^4.2.0:
  version "4.2.0"

socks@^2.7.1:
  version "2.7.1"
  dependencies:
    ip "^2.0.0"
    smart-buffer "^4.2.0"

sparse-bitfield@^3.0.3:
  version "3.0.3"
  dependencies:
    memory-pager "^1.0.2"

spdx-exceptions@^2.1.0:
  version "2.3.0"

spdx-expression-parse@^3.0.1:
  version "3.0.1"
  dependencies:
    spdx-exceptions "^2.1.0"
    spdx-license-ids "^3.0.0"

spdx-license-ids@^3.0.0:
  version "3.0.13"

sprintf-js@~1.0.2:
  version "1.0.3"

statuses@2.0.1:
  version "2.0.1"

symbol-tree@^3.2.4:
  version "3.2.4"

toidentifier@1.0.1:
  version "1.0.1"

tough-cookie@^4.1.2:
  version "4.1.3"
  dependencies:
    psl "^1.1.33"
    punycode "^2.1.1"
    universalify "^0.2.0"
    url-parse "^1.5.3"

tr46@^3.0.0:
  version "3.0.0"
  dependencies:
    punycode "^2.1.1"

tr46@^4.1.1:
  version "4.1.1"
  dependencies:
    punycode "^2.3.0"

tslib@^2.2.0:
  version "2.6.0"

type-is@~1.6.18:
  version "1.6.18"
  dependencies:
    media-typer "0.3.0"
    mime-types "~2.1.24"

typescript@^4.9.4:
  version "4.9.5"

uid-safe@~2.1.5:
  version "2.1.5"
  dependencies:
    random-bytes "~1.0.0"

universal-user-agent@^6.0.0:
  version "6.0.0"

universalify@^0.2.0:
  version "0.2.0"

unpipe@~1.0.0, unpipe@1.0.0:
  version "1.0.0"

url-parse@^1.5.3:
  version "1.5.10"
  dependencies:
    querystringify "^2.1.1"
    requires-port "^1.0.0"

utils-merge@1.0.1:
  version "1.0.1"

uuid@^8.3.0:
  version "8.3.2"

vary@^1, vary@~1.1.2:
  version "1.1.2"

w3c-xmlserializer@^4.0.0:
  version "4.0.0"
  dependencies:
    xml-name-validator "^4.0.0"

webidl-conversions@^7.0.0:
  version "7.0.0"

whatwg-encoding@^2.0.0:
  version "2.0.0"
  dependencies:
    iconv-lite "0.6.3"

whatwg-mimetype@^3.0.0:
  version "3.0.0"

whatwg-url@^11.0.0:
  version "11.0.0"
  dependencies:
    tr46 "^3.0.0"
    webidl-conversions "^7.0.0"

whatwg-url@^12.0.0, whatwg-url@^12.0.1:
  version "12.0.1"
  dependencies:
    tr46 "^4.1.1"
    webidl-conversions "^7.0.0"

ws@^8.13.0:
  version "8.13.0"

xml-name-validator@^4.0.0:
  version "4.0.0"

xmlbuilder2@^3.0.2:
  version "3.1.1"
  dependencies:
    "@oozcitak/dom" "1.15.10"
    "@oozcitak/infra" "1.0.8"
    "@oozcitak/util" "8.3.8"
    js-yaml "3.14.1"

xmlchars@^2.2.0:
  version "2.2.0"

yallist@^2.0.0:
  version "2.1.2"

yallist@^4.0.0:
  version "4.0.0"
